
Microsoft Visual Studio Solution File, Format Version 12.00
# Visual Studio Version 17
VisualStudioVersion = 17.12.35527.113
MinimumVisualStudioVersion = 10.0.40219.1
Project("{FAE04EC0-301F-11D3-BF4B-00C04F79EFBC}") = "CouchbaseODM", "CouchbaseODM\CouchbaseODM.csproj", "{617286C9-AFC3-480A-9E82-DEAC4574E82A}"
EndProject
Project("{FAE04EC0-301F-11D3-BF4B-00C04F79EFBC}") = "CouchbaseODM.UnitTests", "..\tests\CouchbaseODM.UnitTests\CouchbaseODM.UnitTests.csproj", "{7518CA05-E152-46F2-B8CA-BF97A42E298D}"
EndProject
Global
	GlobalSection(SolutionConfigurationPlatforms) = preSolution
		Debug|Any CPU = Debug|Any CPU
		Release|Any CPU = Release|Any CPU
	EndGlobalSection
	GlobalSection(ProjectConfigurationPlatforms) = postSolution
		{617286C9-AFC3-480A-9E82-DEAC4574E82A}.Debug|Any CPU.ActiveCfg = Debug|Any CPU
		{617286C9-AFC3-480A-9E82-DEAC4574E82A}.Debug|Any CPU.Build.0 = Debug|Any CPU
		{617286C9-AFC3-480A-9E82-DEAC4574E82A}.Release|Any CPU.ActiveCfg = Release|Any CPU
		{617286C9-AFC3-480A-9E82-DEAC4574E82A}.Release|Any CPU.Build.0 = Release|Any CPU
		{7518CA05-E152-46F2-B8CA-BF97A42E298D}.Debug|Any CPU.ActiveCfg = Debug|Any CPU
		{7518CA05-E152-46F2-B8CA-BF97A42E298D}.Debug|Any CPU.Build.0 = Debug|Any CPU
		{7518CA05-E152-46F2-B8CA-BF97A42E298D}.Release|Any CPU.ActiveCfg = Release|Any CPU
		{7518CA05-E152-46F2-B8CA-BF97A42E298D}.Release|Any CPU.Build.0 = Release|Any CPU
	EndGlobalSection
	GlobalSection(SolutionProperties) = preSolution
		HideSolutionNode = FALSE
	EndGlobalSection
EndGlobal
